lockfileVersion: '9.0'

settings:
  autoInstallPeers: true
  excludeLinksFromLockfile: false

importers:

  .:
    dependencies:
      '@radix-ui/react-dialog':
        specifier: ^1.1.2
        version: 1.1.2(@types/react-dom@18.0.0)(@types/react@18.0.0)(react-dom@18.0.0(react@18.0.0))(react@18.0.0)

packages:

  '@radix-ui/primitive@1.1.0':
    resolution: {integrity: sha512-4Z8dn6Upk0qk4P74xBhZ6Hd/w0mPEzOOLxy4xiPXOXqjF7jZS0VAKk7/x/H6FyY2zCkYJqePf1G5KmkmNJ4RBA==}

  '@radix-ui/react-compose-refs@1.1.0':
    resolution: {integrity: sha512-b4inOtiaOnYf9KWyO3jAeeCG6FeyfY6ldiEPanbUjWd+xIk5wZeHa8yVwmrJ2vderhu/BQvzCrJI0lHd+wIiqw==}
    peerDependencies:
      '@types/react': '*'
      react: ^16.8 || ^17.0 || ^18.0 || ^19.0 || ^19.0.0-rc
    peerDependenciesMeta:
      '@types/react':
        optional: true

  '@radix-ui/react-context@1.1.1':
    resolution: {integrity: sha512-UASk9zi+crv9WteK/NU4PLvOoL3OuE6BWVKNF6hPRBtYBDXQ2u5iu3O59zUlJiTVvkyuycnqrztsHVJwcK9K+Q==}
    peerDependencies:
      '@types/react': '*'
      react: ^16.8 || ^17.0 || ^18.0 || ^19.0 || ^19.0.0-rc
    peerDependenciesMeta:
      '@types/react':
        optional: true

  '@radix-ui/react-dialog@1.1.2':
    resolution: {integrity: sha512-Yj4dZtqa2o+kG61fzB0H2qUvmwBA2oyQroGLyNtBj1beo1khoQ3q1a2AO8rrQYjd8256CO9+N8L9tvsS+bnIyA==}
    peerDependencies:
      '@types/react': '*'
      '@types/react-dom': '*'
      react: ^16.8 || ^17.0 || ^18.0 || ^19.0 || ^19.0.0-rc
      react-dom: ^16.8 || ^17.0 || ^18.0 || ^19.0 || ^19.0.0-rc
    peerDependenciesMeta:
      '@types/react':
        optional: true
      '@types/react-dom':
        optional: true

  '@radix-ui/react-dismissable-layer@1.1.1':
    resolution: {integrity: sha512-QSxg29lfr/xcev6kSz7MAlmDnzbP1eI/Dwn3Tp1ip0KT5CUELsxkekFEMVBEoykI3oV39hKT4TKZzBNMbcTZYQ==}
    peerDependencies:
      '@types/react': '*'
      '@types/react-dom': '*'
      react: ^16.8 || ^17.0 || ^18.0 || ^19.0 || ^19.0.0-rc
      react-dom: ^16.8 || ^17.0 || ^18.0 || ^19.0 || ^19.0.0-rc
    peerDependenciesMeta:
      '@types/react':
        optional: true
      '@types/react-dom':
        optional: true

  '@radix-ui/react-focus-guards@1.1.1':
    resolution: {integrity: sha512-pSIwfrT1a6sIoDASCSpFwOasEwKTZWDw/iBdtnqKO7v6FeOzYJ7U53cPzYFVR3geGGXgVHaH+CdngrrAzqUGxg==}
    peerDependencies:
      '@types/react': '*'
      react: ^16.8 || ^17.0 || ^18.0 || ^19.0 || ^19.0.0-rc
    peerDependenciesMeta:
      '@types/react':
        optional: true

  '@radix-ui/react-focus-scope@1.1.0':
    resolution: {integrity: sha512-200UD8zylvEyL8Bx+z76RJnASR2gRMuxlgFCPAe/Q/679a/r0eK3MBVYMb7vZODZcffZBdob1EGnky78xmVvcA==}
    peerDependencies:
      '@types/react': '*'
      '@types/react-dom': '*'
      react: ^16.8 || ^17.0 || ^18.0 || ^19.0 || ^19.0.0-rc
      react-dom: ^16.8 || ^17.0 || ^18.0 || ^19.0 || ^19.0.0-rc
    peerDependenciesMeta:
      '@types/react':
        optional: true
      '@types/react-dom':
        optional: true

  '@radix-ui/react-id@1.1.0':
    resolution: {integrity: sha512-EJUrI8yYh7WOjNOqpoJaf1jlFIH2LvtgAl+YcFqNCa+4hj64ZXmPkAKOFs/ukjz3byN6bdb/AVUqHkI8/uWWMA==}
    peerDependencies:
      '@types/react': '*'
      react: ^16.8 || ^17.0 || ^18.0 || ^19.0 || ^19.0.0-rc
    peerDependenciesMeta:
      '@types/react':
        optional: true

  '@radix-ui/react-portal@1.1.2':
    resolution: {integrity: sha512-WeDYLGPxJb/5EGBoedyJbT0MpoULmwnIPMJMSldkuiMsBAv7N1cRdsTWZWht9vpPOiN3qyiGAtbK2is47/uMFg==}
    peerDependencies:
      '@types/react': '*'
      '@types/react-dom': '*'
      react: ^16.8 || ^17.0 || ^18.0 || ^19.0 || ^19.0.0-rc
      react-dom: ^16.8 || ^17.0 || ^18.0 || ^19.0 || ^19.0.0-rc
    peerDependenciesMeta:
      '@types/react':
        optional: true
      '@types/react-dom':
        optional: true

  '@radix-ui/react-presence@1.1.1':
    resolution: {integrity: sha512-IeFXVi4YS1K0wVZzXNrbaaUvIJ3qdY+/Ih4eHFhWA9SwGR9UDX7Ck8abvL57C4cv3wwMvUE0OG69Qc3NCcTe/A==}
    peerDependencies:
      '@types/react': '*'
      '@types/react-dom': '*'
      react: ^16.8 || ^17.0 || ^18.0 || ^19.0 || ^19.0.0-rc
      react-dom: ^16.8 || ^17.0 || ^18.0 || ^19.0 || ^19.0.0-rc
    peerDependenciesMeta:
      '@types/react':
        optional: true
      '@types/react-dom':
        optional: true

  '@radix-ui/react-primitive@2.0.0':
    resolution: {integrity: sha512-ZSpFm0/uHa8zTvKBDjLFWLo8dkr4MBsiDLz0g3gMUwqgLHz9rTaRRGYDgvZPtBJgYCBKXkS9fzmoySgr8CO6Cw==}
    peerDependencies:
      '@types/react': '*'
      '@types/react-dom': '*'
      react: ^16.8 || ^17.0 || ^18.0 || ^19.0 || ^19.0.0-rc
      react-dom: ^16.8 || ^17.0 || ^18.0 || ^19.0 || ^19.0.0-rc
    peerDependenciesMeta:
      '@types/react':
        optional: true
      '@types/react-dom':
        optional: true

  '@radix-ui/react-slot@1.1.0':
    resolution: {integrity: sha512-FUCf5XMfmW4dtYl69pdS4DbxKy8nj4M7SafBgPllysxmdachynNflAdp/gCsnYWNDnge6tI9onzMp5ARYc1KNw==}
    peerDependencies:
      '@types/react': '*'
      react: ^16.8 || ^17.0 || ^18.0 || ^19.0 || ^19.0.0-rc
    peerDependenciesMeta:
      '@types/react':
        optional: true

  '@radix-ui/react-use-callback-ref@1.1.0':
    resolution: {integrity: sha512-CasTfvsy+frcFkbXtSJ2Zu9JHpN8TYKxkgJGWbjiZhFivxaeW7rMeZt7QELGVLaYVfFMsKHjb7Ak0nMEe+2Vfw==}
    peerDependencies:
      '@types/react': '*'
      react: ^16.8 || ^17.0 || ^18.0 || ^19.0 || ^19.0.0-rc
    peerDependenciesMeta:
      '@types/react':
        optional: true

  '@radix-ui/react-use-controllable-state@1.1.0':
    resolution: {integrity: sha512-MtfMVJiSr2NjzS0Aa90NPTnvTSg6C/JLCV7ma0W6+OMV78vd8OyRpID+Ng9LxzsPbLeuBnWBA1Nq30AtBIDChw==}
    peerDependencies:
      '@types/react': '*'
      react: ^16.8 || ^17.0 || ^18.0 || ^19.0 || ^19.0.0-rc
    peerDependenciesMeta:
      '@types/react':
        optional: true

  '@radix-ui/react-use-escape-keydown@1.1.0':
    resolution: {integrity: sha512-L7vwWlR1kTTQ3oh7g1O0CBF3YCyyTj8NmhLR+phShpyA50HCfBFKVJTpshm9PzLiKmehsrQzTYTpX9HvmC9rhw==}
    peerDependencies:
      '@types/react': '*'
      react: ^16.8 || ^17.0 || ^18.0 || ^19.0 || ^19.0.0-rc
    peerDependenciesMeta:
      '@types/react':
        optional: true

  '@radix-ui/react-use-layout-effect@1.1.0':
    resolution: {integrity: sha512-+FPE0rOdziWSrH9athwI1R0HDVbWlEhd+FR+aSDk4uWGmSJ9Z54sdZVDQPZAinJhJXwfT+qnj969mCsT2gfm5w==}
    peerDependencies:
      '@types/react': '*'
      react: ^16.8 || ^17.0 || ^18.0 || ^19.0 || ^19.0.0-rc
    peerDependenciesMeta:
      '@types/react':
        optional: true

  '@types/prop-types@15.7.13':
    resolution: {integrity: sha512-hCZTSvwbzWGvhqxp/RqVqwU999pBf2vp7hzIjiYOsl8wqOmUxkQ6ddw1cV3l8811+kdUFus/q4d1Y3E3SyEifA==}

  '@types/react-dom@18.0.0':
    resolution: {integrity: sha512-49897Y0UiCGmxZqpC8Blrf6meL8QUla6eb+BBhn69dTXlmuOlzkfr7HHY/O8J25e1lTUMs+YYxSlVDAaGHCOLg==}

  '@types/react@18.0.0':
    resolution: {integrity: sha512-7+K7zEQYu7NzOwQGLR91KwWXXDzmTFODRVizJyIALf6RfLv2GDpqpknX64pvRVILXCpXi7O/pua8NGk44dLvJw==}

  '@types/scheduler@0.23.0':
    resolution: {integrity: sha512-YIoDCTH3Af6XM5VuwGG/QL/CJqga1Zm3NkU3HZ4ZHK2fRMPYP1VczsTUqtsf43PH/iJNVlPHAo2oWX7BSdB2Hw==}

  aria-hidden@1.2.4:
    resolution: {integrity: sha512-y+CcFFwelSXpLZk/7fMB2mUbGtX9lKycf1MWJ7CaTIERyitVlyQx6C+sxcROU2BAJ24OiZyK+8wj2i8AlBoS3A==}
    engines: {node: '>=10'}

  csstype@3.1.3:
    resolution: {integrity: sha512-M1uQkMl8rQK/szD0LNhtqxIPLpimGm8sOBwU7lLnCpSbTyY3yeU1Vc7l4KT5zT4s/yOxHH5O7tIuuLOCnLADRw==}

  detect-node-es@1.1.0:
    resolution: {integrity: sha512-ypdmJU/TbBby2Dxibuv7ZLW3Bs1QEmM7nHjEANfohJLvE0XVujisn1qPJcZxg+qDucsr+bP6fLD1rPS3AhJ7EQ==}

  get-nonce@1.0.1:
    resolution: {integrity: sha512-FJhYRoDaiatfEkUK8HKlicmu/3SGFD51q3itKDGoSTysQJBnfOcxU5GxnhE1E6soB76MbT0MBtnKJuXyAx+96Q==}
    engines: {node: '>=6'}

  invariant@2.2.4:
    resolution: {integrity: sha512-phJfQVBuaJM5raOpJjSfkiD6BpbCE4Ns//LaXl6wGYtUBY83nWS6Rf9tXm2e8VaK60JEjYldbPif/A2B1C2gNA==}

  js-tokens@4.0.0:
    resolution: {integrity: sha512-RdJUflcE3cUzKiMqQgsCu06FPu9UdIJO0beYbPhHN4k6apgJtifcoCtT9bcxOpYBtpD2kCM6Sbzg4CausW/PKQ==}

  loose-envify@1.4.0:
    resolution: {integrity: sha512-lyuxPGr/Wfhrlem2CL/UcnUc1zcqKAImBDzukY7Y5F/yQiNdko6+fRLevlw1HgMySw7f611UIY408EtxRSoK3Q==}
    hasBin: true

  react-dom@18.0.0:
    resolution: {integrity: sha512-XqX7uzmFo0pUceWFCt7Gff6IyIMzFUn7QMZrbrQfGxtaxXZIcGQzoNpRLE3fQLnS4XzLLPMZX2T9TRcSrasicw==}
    peerDependencies:
      react: ^18.0.0

  react-remove-scroll-bar@2.3.6:
    resolution: {integrity: sha512-DtSYaao4mBmX+HDo5YWYdBWQwYIQQshUV/dVxFxK+KM26Wjwp1gZ6rv6OC3oujI6Bfu6Xyg3TwK533AQutsn/g==}
    engines: {node: '>=10'}
    peerDependencies:
      '@types/react': ^16.8.0 || ^17.0.0 || ^18.0.0
      react: ^16.8.0 || ^17.0.0 || ^18.0.0
    peerDependenciesMeta:
      '@types/react':
        optional: true

  react-remove-scroll@2.6.0:
    resolution: {integrity: sha512-I2U4JVEsQenxDAKaVa3VZ/JeJZe0/2DxPWL8Tj8yLKctQJQiZM52pn/GWFpSp8dftjM3pSAHVJZscAnC/y+ySQ==}
    engines: {node: '>=10'}
    peerDependencies:
      '@types/react': ^16.8.0 || ^17.0.0 || ^18.0.0
      react: ^16.8.0 || ^17.0.0 || ^18.0.0
    peerDependenciesMeta:
      '@types/react':
        optional: true

  react-style-singleton@2.2.1:
    resolution: {integrity: sha512-ZWj0fHEMyWkHzKYUr2Bs/4zU6XLmq9HsgBURm7g5pAVfyn49DgUiNgY2d4lXRlYSiCif9YBGpQleewkcqddc7g==}
    engines: {node: '>=10'}
    peerDependencies:
      '@types/react': ^16.8.0 || ^17.0.0 || ^18.0.0
      react: ^16.8.0 || ^17.0.0 || ^18.0.0
    peerDependenciesMeta:
      '@types/react':
        optional: true

  react@18.0.0:
    resolution: {integrity: sha512-x+VL6wbT4JRVPm7EGxXhZ8w8LTROaxPXOqhlGyVSrv0sB1jkyFGgXxJ8LVoPRLvPR6/CIZGFmfzqUa2NYeMr2A==}
    engines: {node: '>=0.10.0'}

  scheduler@0.21.0:
    resolution: {integrity: sha512-1r87x5fz9MXqswA2ERLo0EbOAU74DpIUO090gIasYTqlVoJeMcl+Z1Rg7WHz+qtPujhS/hGIt9kxZOYBV3faRQ==}

  tslib@2.8.0:
    resolution: {integrity: sha512-jWVzBLplnCmoaTr13V9dYbiQ99wvZRd0vNWaDRg+aVYRcjDF3nDksxFDE/+fkXnKhpnUUkmx5pK/v8mCtLVqZA==}

  use-callback-ref@1.3.2:
    resolution: {integrity: sha512-elOQwe6Q8gqZgDA8mrh44qRTQqpIHDcZ3hXTLjBe1i4ph8XpNJnO+aQf3NaG+lriLopI4HMx9VjQLfPQ6vhnoA==}
    engines: {node: '>=10'}
    peerDependencies:
      '@types/react': ^16.8.0 || ^17.0.0 || ^18.0.0
      react: ^16.8.0 || ^17.0.0 || ^18.0.0
    peerDependenciesMeta:
      '@types/react':
        optional: true

  use-sidecar@1.1.2:
    resolution: {integrity: sha512-epTbsLuzZ7lPClpz2TyryBfztm7m+28DlEv2ZCQ3MDr5ssiwyOwGH/e5F9CkfWjJ1t4clvI58yF822/GUkjjhw==}
    engines: {node: '>=10'}
    peerDependencies:
      '@types/react': ^16.9.0 || ^17.0.0 || ^18.0.0
      react: ^16.8.0 || ^17.0.0 || ^18.0.0
    peerDependenciesMeta:
      '@types/react':
        optional: true

snapshots:

  '@radix-ui/primitive@1.1.0': {}

  '@radix-ui/react-compose-refs@1.1.0(@types/react@18.0.0)(react@18.0.0)':
    dependencies:
      react: 18.0.0
    optionalDependencies:
      '@types/react': 18.0.0

  '@radix-ui/react-context@1.1.1(@types/react@18.0.0)(react@18.0.0)':
    dependencies:
      react: 18.0.0
    optionalDependencies:
      '@types/react': 18.0.0

  '@radix-ui/react-dialog@1.1.2(@types/react-dom@18.0.0)(@types/react@18.0.0)(react-dom@18.0.0(react@18.0.0))(react@18.0.0)':
    dependencies:
      '@radix-ui/primitive': 1.1.0
      '@radix-ui/react-compose-refs': 1.1.0(@types/react@18.0.0)(react@18.0.0)
      '@radix-ui/react-context': 1.1.1(@types/react@18.0.0)(react@18.0.0)
      '@radix-ui/react-dismissable-layer': 1.1.1(@types/react-dom@18.0.0)(@types/react@18.0.0)(react-dom@18.0.0(react@18.0.0))(react@18.0.0)
      '@radix-ui/react-focus-guards': 1.1.1(@types/react@18.0.0)(react@18.0.0)
      '@radix-ui/react-focus-scope': 1.1.0(@types/react-dom@18.0.0)(@types/react@18.0.0)(react-dom@18.0.0(react@18.0.0))(react@18.0.0)
      '@radix-ui/react-id': 1.1.0(@types/react@18.0.0)(react@18.0.0)
      '@radix-ui/react-portal': 1.1.2(@types/react-dom@18.0.0)(@types/react@18.0.0)(react-dom@18.0.0(react@18.0.0))(react@18.0.0)
      '@radix-ui/react-presence': 1.1.1(@types/react-dom@18.0.0)(@types/react@18.0.0)(react-dom@18.0.0(react@18.0.0))(react@18.0.0)
      '@radix-ui/react-primitive': 2.0.0(@types/react-dom@18.0.0)(@types/react@18.0.0)(react-dom@18.0.0(react@18.0.0))(react@18.0.0)
      '@radix-ui/react-slot': 1.1.0(@types/react@18.0.0)(react@18.0.0)
      '@radix-ui/react-use-controllable-state': 1.1.0(@types/react@18.0.0)(react@18.0.0)
      aria-hidden: 1.2.4
      react: 18.0.0
      react-dom: 18.0.0(react@18.0.0)
      react-remove-scroll: 2.6.0(@types/react@18.0.0)(react@18.0.0)
    optionalDependencies:
      '@types/react': 18.0.0
      '@types/react-dom': 18.0.0

  '@radix-ui/react-dismissable-layer@1.1.1(@types/react-dom@18.0.0)(@types/react@18.0.0)(react-dom@18.0.0(react@18.0.0))(react@18.0.0)':
    dependencies:
      '@radix-ui/primitive': 1.1.0
      '@radix-ui/react-compose-refs': 1.1.0(@types/react@18.0.0)(react@18.0.0)
      '@radix-ui/react-primitive': 2.0.0(@types/react-dom@18.0.0)(@types/react@18.0.0)(react-dom@18.0.0(react@18.0.0))(react@18.0.0)
      '@radix-ui/react-use-callback-ref': 1.1.0(@types/react@18.0.0)(react@18.0.0)
      '@radix-ui/react-use-escape-keydown': 1.1.0(@types/react@18.0.0)(react@18.0.0)
      react: 18.0.0
      react-dom: 18.0.0(react@18.0.0)
    optionalDependencies:
      '@types/react': 18.0.0
      '@types/react-dom': 18.0.0

  '@radix-ui/react-focus-guards@1.1.1(@types/react@18.0.0)(react@18.0.0)':
    dependencies:
      react: 18.0.0
    optionalDependencies:
      '@types/react': 18.0.0

  '@radix-ui/react-focus-scope@1.1.0(@types/react-dom@18.0.0)(@types/react@18.0.0)(react-dom@18.0.0(react@18.0.0))(react@18.0.0)':
    dependencies:
      '@radix-ui/react-compose-refs': 1.1.0(@types/react@18.0.0)(react@18.0.0)
      '@radix-ui/react-primitive': 2.0.0(@types/react-dom@18.0.0)(@types/react@18.0.0)(react-dom@18.0.0(react@18.0.0))(react@18.0.0)
      '@radix-ui/react-use-callback-ref': 1.1.0(@types/react@18.0.0)(react@18.0.0)
      react: 18.0.0
      react-dom: 18.0.0(react@18.0.0)
    optionalDependencies:
      '@types/react': 18.0.0
      '@types/react-dom': 18.0.0

  '@radix-ui/react-id@1.1.0(@types/react@18.0.0)(react@18.0.0)':
    dependencies:
      '@radix-ui/react-use-layout-effect': 1.1.0(@types/react@18.0.0)(react@18.0.0)
      react: 18.0.0
    optionalDependencies:
      '@types/react': 18.0.0

  '@radix-ui/react-portal@1.1.2(@types/react-dom@18.0.0)(@types/react@18.0.0)(react-dom@18.0.0(react@18.0.0))(react@18.0.0)':
    dependencies:
      '@radix-ui/react-primitive': 2.0.0(@types/react-dom@18.0.0)(@types/react@18.0.0)(react-dom@18.0.0(react@18.0.0))(react@18.0.0)
      '@radix-ui/react-use-layout-effect': 1.1.0(@types/react@18.0.0)(react@18.0.0)
      react: 18.0.0
      react-dom: 18.0.0(react@18.0.0)
    optionalDependencies:
      '@types/react': 18.0.0
      '@types/react-dom': 18.0.0

  '@radix-ui/react-presence@1.1.1(@types/react-dom@18.0.0)(@types/react@18.0.0)(react-dom@18.0.0(react@18.0.0))(react@18.0.0)':
    dependencies:
      '@radix-ui/react-compose-refs': 1.1.0(@types/react@18.0.0)(react@18.0.0)
      '@radix-ui/react-use-layout-effect': 1.1.0(@types/react@18.0.0)(react@18.0.0)
      react: 18.0.0
      react-dom: 18.0.0(react@18.0.0)
    optionalDependencies:
      '@types/react': 18.0.0
      '@types/react-dom': 18.0.0

  '@radix-ui/react-primitive@2.0.0(@types/react-dom@18.0.0)(@types/react@18.0.0)(react-dom@18.0.0(react@18.0.0))(react@18.0.0)':
    dependencies:
      '@radix-ui/react-slot': 1.1.0(@types/react@18.0.0)(react@18.0.0)
      react: 18.0.0
      react-dom: 18.0.0(react@18.0.0)
    optionalDependencies:
      '@types/react': 18.0.0
      '@types/react-dom': 18.0.0

  '@radix-ui/react-slot@1.1.0(@types/react@18.0.0)(react@18.0.0)':
    dependencies:
      '@radix-ui/react-compose-refs': 1.1.0(@types/react@18.0.0)(react@18.0.0)
      react: 18.0.0
    optionalDependencies:
      '@types/react': 18.0.0

  '@radix-ui/react-use-callback-ref@1.1.0(@types/react@18.0.0)(react@18.0.0)':
    dependencies:
      react: 18.0.0
    optionalDependencies:
      '@types/react': 18.0.0

  '@radix-ui/react-use-controllable-state@1.1.0(@types/react@18.0.0)(react@18.0.0)':
    dependencies:
      '@radix-ui/react-use-callback-ref': 1.1.0(@types/react@18.0.0)(react@18.0.0)
      react: 18.0.0
    optionalDependencies:
      '@types/react': 18.0.0

  '@radix-ui/react-use-escape-keydown@1.1.0(@types/react@18.0.0)(react@18.0.0)':
    dependencies:
      '@radix-ui/react-use-callback-ref': 1.1.0(@types/react@18.0.0)(react@18.0.0)
      react: 18.0.0
    optionalDependencies:
      '@types/react': 18.0.0

  '@radix-ui/react-use-layout-effect@1.1.0(@types/react@18.0.0)(react@18.0.0)':
    dependencies:
      react: 18.0.0
    optionalDependencies:
      '@types/react': 18.0.0

  '@types/prop-types@15.7.13':
    optional: true

  '@types/react-dom@18.0.0':
    dependencies:
      '@types/react': 18.0.0
    optional: true

  '@types/react@18.0.0':
    dependencies:
      '@types/prop-types': 15.7.13
      '@types/scheduler': 0.23.0
      csstype: 3.1.3
    optional: true

  '@types/scheduler@0.23.0':
    optional: true

  aria-hidden@1.2.4:
    dependencies:
      tslib: 2.8.0

  csstype@3.1.3:
    optional: true

  detect-node-es@1.1.0: {}

  get-nonce@1.0.1: {}

  invariant@2.2.4:
    dependencies:
      loose-envify: 1.4.0

  js-tokens@4.0.0: {}

  loose-envify@1.4.0:
    dependencies:
      js-tokens: 4.0.0

  react-dom@18.0.0(react@18.0.0):
    dependencies:
      loose-envify: 1.4.0
      react: 18.0.0
      scheduler: 0.21.0

  react-remove-scroll-bar@2.3.6(@types/react@18.0.0)(react@18.0.0):
    dependencies:
      react: 18.0.0
      react-style-singleton: 2.2.1(@types/react@18.0.0)(react@18.0.0)
      tslib: 2.8.0
    optionalDependencies:
      '@types/react': 18.0.0

  react-remove-scroll@2.6.0(@types/react@18.0.0)(react@18.0.0):
    dependencies:
      react: 18.0.0
      react-remove-scroll-bar: 2.3.6(@types/react@18.0.0)(react@18.0.0)
      react-style-singleton: 2.2.1(@types/react@18.0.0)(react@18.0.0)
      tslib: 2.8.0
      use-callback-ref: 1.3.2(@types/react@18.0.0)(react@18.0.0)
      use-sidecar: 1.1.2(@types/react@18.0.0)(react@18.0.0)
    optionalDependencies:
      '@types/react': 18.0.0

  react-style-singleton@2.2.1(@types/react@18.0.0)(react@18.0.0):
    dependencies:
      get-nonce: 1.0.1
      invariant: 2.2.4
      react: 18.0.0
      tslib: 2.8.0
    optionalDependencies:
      '@types/react': 18.0.0

  react@18.0.0:
    dependencies:
      loose-envify: 1.4.0

  scheduler@0.21.0:
    dependencies:
      loose-envify: 1.4.0

  tslib@2.8.0: {}

  use-callback-ref@1.3.2(@types/react@18.0.0)(react@18.0.0):
    dependencies:
      react: 18.0.0
      tslib: 2.8.0
    optionalDependencies:
      '@types/react': 18.0.0

  use-sidecar@1.1.2(@types/react@18.0.0)(react@18.0.0):
    dependencies:
      detect-node-es: 1.1.0
      react: 18.0.0
      tslib: 2.8.0
    optionalDependencies:
      '@types/react': 18.0.0
